// !$*UTF8*$!
{
	archiveVersion = 1;
	classes = {
	};
	objectVersion = 50;
	objects = {

/* Begin PBXBuildFile section */
		CF55AB32250BFBC400232F98 /* WebViewController.swift in Sources */ = {isa = PBXBuildFile; fileRef = CF55AB31250BFBC400232F98 /* WebViewController.swift */; };
		CF55AB34250BFC0600232F98 /* ListTableViewController.swift in Sources */ = {isa = PBXBuildFile; fileRef = CF55AB33250BFC0600232F98 /* ListTableViewController.swift */; };
		CF74294C250BFA0600FC8C75 /* AppDelegate.swift in Sources */ = {isa = PBXBuildFile; fileRef = CF74294B250BFA0600FC8C75 /* AppDelegate.swift */; };
		CF74294E250BFA0600FC8C75 /* SceneDelegate.swift in Sources */ = {isa = PBXBuildFile; fileRef = CF74294D250BFA0600FC8C75 /* SceneDelegate.swift */; };
		CF742953250BFA0600FC8C75 /* Main.storyboard in Resources */ = {isa = PBXBuildFile; fileRef = CF742951250BFA0600FC8C75 /* Main.storyboard */; };
		CF742956250BFA0600FC8C75 /* RecipesCollectionApp.xcdatamodeld in Sources */ = {isa = PBXBuildFile; fileRef = CF742954250BFA0600FC8C75 /* RecipesCollectionApp.xcdatamodeld */; };
		CF742958250BFA0800FC8C75 /* Assets.xcassets in Resources */ = {isa = PBXBuildFile; fileRef = CF742957250BFA0800FC8C75 /* Assets.xcassets */; };
		CF74295B250BFA0800FC8C75 /* LaunchScreen.storyboard in Resources */ = {isa = PBXBuildFile; fileRef = CF742959250BFA0800FC8C75 /* LaunchScreen.storyboard */; };
/* End PBXBuildFile section */

/* Begin PBXFileReference section */
		CF55AB31250BFBC400232F98 /* WebViewController.swift */ = {isa = PBXFileReference; lastKnownFileType = sourcecode.swift; path = WebViewController.swift; sourceTree = "<group>"; };
		CF55AB33250BFC0600232F98 /* ListTableViewController.swift */ = {isa = PBXFileReference; lastKnownFileType = sourcecode.swift; path = ListTableViewController.swift; sourceTree = "<group>"; };
		CF742948250BFA0600FC8C75 /* RecipesCollectionApp.app */ = {isa = PBXFileReference; explicitFileType = wrapper.application; includeInIndex = 0; path = RecipesCollectionApp.app; sourceTree = BUILT_PRODUCTS_DIR; };
		CF74294B250BFA0600FC8C75 /* AppDelegate.swift */ = {isa = PBXFileReference; lastKnownFileType = sourcecode.swift; path = AppDelegate.swift; sourceTree = "<group>"; };
		CF74294D250BFA0600FC8C75 /* SceneDelegate.swift */ = {isa = PBXFileReference; lastKnownFileType = sourcecode.swift; path = SceneDelegate.swift; sourceTree = "<group>"; };
		CF742952250BFA0600FC8C75 /* Base */ = {isa = PBXFileReference; lastKnownFileType = file.storyboard; name = Base; path = Base.lproj/Main.storyboard; sourceTree = "<group>"; };
		CF742955250BFA0600FC8C75 /* RecipesCollectionApp.xcdatamodel */ = {isa = PBXFileReference; lastKnownFileType = wrapper.xcdatamodel; path = RecipesCollectionApp.xcdatamodel; sourceTree = "<group>"; };
		CF742957250BFA0800FC8C75 /* Assets.xcassets */ = {isa = PBXFileReference; lastKnownFileType = folder.assetcatalog; path = Assets.xcassets; sourceTree = "<group>"; };
		CF74295A250BFA0800FC8C75 /* Base */ = {isa = PBXFileReference; lastKnownFileType = file.storyboard; name = Base; path = Base.lproj/LaunchScreen.storyboard; sourceTree = "<group>"; };
		CF74295C250BFA0800FC8C75 /* Info.plist */ = {isa = PBXFileReference; lastKnownFileType = text.plist.xml; path = Info.plist; sourceTree = "<group>"; };
/* End PBXFileReference section */

/* Begin PBXFrameworksBuildPhase section */
		CF742945250BFA0600FC8C75 /* Frameworks */ = {
			isa = PBXFrameworksBuildPhase;
			buildActionMask = 2147483647;
			files = (
			);
			runOnlyForDeploymentPostprocessing = 0;
		};
/* End PBXFrameworksBuildPhase section */

/* Begin PBXGroup section */
		CF55AB30250BFB9900232F98 /* View Controllers */ = {
			isa = PBXGroup;
			children = (
				CF55AB31250BFBC400232F98 /* WebViewController.swift */,
				CF55AB33250BFC0600232F98 /* ListTableViewController.swift */,
			);
			path = "View Controllers";
			sourceTree = "<group>";
		};
		CF74293F250BFA0600FC8C75 = {
			isa = PBXGroup;
			children = (
				CF74294A250BFA0600FC8C75 /* RecipesCollectionApp */,
				CF742949250BFA0600FC8C75 /* Products */,
			);
			sourceTree = "<group>";
		};
		CF742949250BFA0600FC8C75 /* Products */ = {
			isa = PBXGroup;
			children = (
				CF742948250BFA0600FC8C75 /* RecipesCollectionApp.app */,
			);
			name = Products;
			sourceTree = "<group>";
		};
		CF74294A250BFA0600FC8C75 /* RecipesCollectionApp */ = {
			isa = PBXGroup;
			children = (
				CF74294B250BFA0600FC8C75 /* AppDelegate.swift */,
				CF74294D250BFA0600FC8C75 /* SceneDelegate.swift */,
				CF55AB30250BFB9900232F98 /* View Controllers */,
				CF742951250BFA0600FC8C75 /* Main.storyboard */,
				CF742959250BFA0800FC8C75 /* LaunchScreen.storyboard */,
				CF742957250BFA0800FC8C75 /* Assets.xcassets */,
				CF74295C250BFA0800FC8C75 /* Info.plist */,
				CF742954250BFA0600FC8C75 /* RecipesCollectionApp.xcdatamodeld */,
			);
			path = RecipesCollectionApp;
			sourceTree = "<group>";
		};
/* End PBXGroup section */

/* Begin PBXNativeTarget section */
		CF742947250BFA0600FC8C75 /* RecipesCollectionApp */ = {
			isa = PBXNativeTarget;
			buildConfigurationList = CF74295F250BFA0800FC8C75 /* Build configuration list for PBXNativeTarget "RecipesCollectionApp" */;
			buildPhases = (
				CF742944250BFA0600FC8C75 /* Sources */,
				CF742945250BFA0600FC8C75 /* Frameworks */,
				CF742946250BFA0600FC8C75 /* Resources */,
			);
			buildRules = (
			);
			dependencies = (
			);
			name = RecipesCollectionApp;
			productName = RecipesCollectionApp;
			productReference = CF742948250BFA0600FC8C75 /* RecipesCollectionApp.app */;
			productType = "com.apple.product-type.application";
		};
/* End PBXNativeTarget section */

/* Begin PBXProject section */
		CF742940250BFA0600FC8C75 /* Project object */ = {
			isa = PBXProject;
			attributes = {
				LastSwiftUpdateCheck = 1170;
				LastUpgradeCheck = 1170;
				ORGANIZATIONNAME = jekaterina.livcane;
				TargetAttributes = {
					CF742947250BFA0600FC8C75 = {
						CreatedOnToolsVersion = 11.7;
					};
				};
			};
			buildConfigurationList = CF742943250BFA0600FC8C75 /* Build configuration list for PBXProject "RecipesCollectionApp" */;
			compatibilityVersion = "Xcode 9.3";
			developmentRegion = en;
			hasScannedForEncodings = 0;
			knownRegions = (
				en,
				Base,
			);
			mainGroup = CF74293F250BFA0600FC8C75;
			productRefGroup = CF742949250BFA0600FC8C75 /* Products */;
			projectDirPath = "";
			projectRoot = "";
			targets = (
				CF742947250BFA0600FC8C75 /* RecipesCollectionApp */,
			);
		};
/* End PBXProject section */

/* Begin PBXResourcesBuildPhase section */
		CF742946250BFA0600FC8C75 /* Resources */ = {
			isa = PBXResourcesBuildPhase;
			buildActionMask = 2147483647;
			files = (
				CF74295B250BFA0800FC8C75 /* LaunchScreen.storyboard in Resources */,
				CF742958250BFA0800FC8C75 /* Assets.xcassets in Resources */,
				CF742953250BFA0600FC8C75 /* Main.storyboard in Resources */,
			);
			runOnlyForDeploymentPostprocessing = 0;
		};
/* End PBXResourcesBuildPhase section */

/* Begin PBXSourcesBuildPhase section */
		CF742944250BFA0600FC8C75 /* Sources */ = {
			isa = PBXSourcesBuildPhase;
			buildActionMask = 2147483647;
			files = (
				CF74294C250BFA0600FC8C75 /* AppDelegate.swift in Sources */,
				CF74294E250BFA0600FC8C75 /* SceneDelegate.swift in Sources */,
				CF742956250BFA0600FC8C75 /* RecipesCollectionApp.xcdatamodeld in Sources */,
				CF55AB34250BFC0600232F98 /* ListTableViewController.swift in Sources */,
				CF55AB32250BFBC400232F98 /* WebViewController.swift in Sources */,
			);
			runOnlyForDeploymentPostprocessing = 0;
		};
/* End PBXSourcesBuildPhase section */

/* Begin PBXVariantGroup section */
		CF742951250BFA0600FC8C75 /* Main.storyboard */ = {
			isa = PBXVariantGroup;
			children = (
				CF742952250BFA0600FC8C75 /* Base */,
			);
			name = Main.storyboard;
			sourceTree = "<group>";
		};
		CF742959250BFA0800FC8C75 /* LaunchScreen.storyboard */ = {
			isa = PBXVariantGroup;
			children = (
				CF74295A250BFA0800FC8C75 /* Base */,
			);
			name = LaunchScreen.storyboard;
			sourceTree = "<group>";
		};
/* End PBXVariantGroup section */

/* Begin XCBuildConfiguration section */
		CF74295D250BFA0800FC8C75 /* Debug */ = {
			isa = XCBuildConfiguration;
			buildSettings = {
				ALWAYS_SEARCH_USER_PATHS = NO;
				CLANG_ANALYZER_NONNULL = YES;
				CLANG_ANALYZER_NUMBER_OBJECT_CONVERSION = YES_AGGRESSIVE;
				CLANG_CXX_LANGUAGE_STANDARD = "gnu++14";
				CLANG_CXX_LIBRARY = "libc++";
				CLANG_ENABLE_MODULES = YES;
				CLANG_ENABLE_OBJC_ARC = YES;
				CLANG_ENABLE_OBJC_WEAK = YES;
				CLANG_WARN_BLOCK_CAPTURE_AUTORELEASING = YES;
				CLANG_WARN_BOOL_CONVERSION = YES;
				CLANG_WARN_COMMA = YES;
				CLANG_WARN_CONSTANT_CONVERSION = YES;
				CLANG_WARN_DEPRECATED_OBJC_IMPLEMENTATIONS = YES;
				CLANG_WARN_DIRECT_OBJC_ISA_USAGE = YES_ERROR;
				CLANG_WARN_DOCUMENTATION_COMMENTS = YES;
				CLANG_WARN_EMPTY_BODY = YES;
				CLANG_WARN_ENUM_CONVERSION = YES;
				CLANG_WARN_INFINITE_RECURSION = YES;
				CLANG_WARN_INT_CONVERSION = YES;
				CLANG_WARN_NON_LITERAL_NULL_CONVERSION = YES;
				CLANG_WARN_OBJC_IMPLICIT_RETAIN_SELF = YES;
				CLANG_WARN_OBJC_LITERAL_CONVERSION = YES;
				CLANG_WARN_OBJC_ROOT_CLASS = YES_ERROR;
				CLANG_WARN_RANGE_LOOP_ANALYSIS = YES;
				CLANG_WARN_STRICT_PROTOTYPES = YES;
				CLANG_WARN_SUSPICIOUS_MOVE = YES;
				CLANG_WARN_UNGUARDED_AVAILABILITY = YES_AGGRESSIVE;
				CLANG_WARN_UNREACHABLE_CODE = YES;
				CLANG_WARN__DUPLICATE_METHOD_MATCH = YES;
				COPY_PHASE_STRIP = NO;
				DEBUG_INFORMATION_FORMAT = dwarf;
				ENABLE_STRICT_OBJC_MSGSEND = YES;
				ENABLE_TESTABILITY = YES;
				GCC_C_LANGUAGE_STANDARD = gnu11;
				GCC_DYNAMIC_NO_PIC = NO;
				GCC_NO_COMMON_BLOCKS = YES;
				GCC_OPTIMIZATION_LEVEL = 0;
				GCC_PREPROCESSOR_DEFINITIONS = (
					"DEBUG=1",
					"$(inherited)",
				);
				GCC_WARN_64_TO_32_BIT_CONVERSION = YES;
				GCC_WARN_ABOUT_RETURN_TYPE = YES_ERROR;
				GCC_WARN_UNDECLARED_SELECTOR = YES;
				GCC_WARN_UNINITIALIZED_AUTOS = YES_AGGRESSIVE;
				GCC_WARN_UNUSED_FUNCTION = YES;
				GCC_WARN_UNUSED_VARIABLE = YES;
				IPHONEOS_DEPLOYMENT_TARGET = 13.7;
				MTL_ENABLE_DEBUG_INFO = INCLUDE_SOURCE;
				MTL_FAST_MATH = YES;
				ONLY_ACTIVE_ARCH = YES;
				SDKROOT = iphoneos;
				SWIFT_ACTIVE_COMPILATION_CONDITIONS = DEBUG;
				SWIFT_OPTIMIZATION_LEVEL = "-Onone";
			};
			name = Debug;
		};
		CF74295E250BFA0800FC8C75 /* Release */ = {
			isa = XCBuildConfiguration;
			buildSettings = {
				ALWAYS_SEARCH_USER_PATHS = NO;
				CLANG_ANALYZER_NONNULL = YES;
				CLANG_ANALYZER_NUMBER_OBJECT_CONVERSION = YES_AGGRESSIVE;
				CLANG_CXX_LANGUAGE_STANDARD = "gnu++14";
				CLANG_CXX_LIBRARY = "libc++";
				CLANG_ENABLE_MODULES = YES;
				CLANG_ENABLE_OBJC_ARC = YES;
				CLANG_ENABLE_OBJC_WEAK = YES;
				CLANG_WARN_BLOCK_CAPTURE_AUTORELEASING = YES;
				CLANG_WARN_BOOL_CONVERSION = YES;
				CLANG_WARN_COMMA = YES;
				CLANG_WARN_CONSTANT_CONVERSION = YES;
				CLANG_WARN_DEPRECATED_OBJC_IMPLEMENTATIONS = YES;
				CLANG_WARN_DIRECT_OBJC_ISA_USAGE = YES_ERROR;
				CLANG_WARN_DOCUMENTATION_COMMENTS = YES;
				CLANG_WARN_EMPTY_BODY = YES;
				CLANG_WARN_ENUM_CONVERSION = YES;
				CLANG_WARN_INFINITE_RECURSION = YES;
				CLANG_WARN_INT_CONVERSION = YES;
				CLANG_WARN_NON_LITERAL_NULL_CONVERSION = YES;
				CLANG_WARN_OBJC_IMPLICIT_RETAIN_SELF = YES;
				CLANG_WARN_OBJC_LITERAL_CONVERSION = YES;
				CLANG_WARN_OBJC_ROOT_CLASS = YES_ERROR;
				CLANG_WARN_RANGE_LOOP_ANALYSIS = YES;
				CLANG_WARN_STRICT_PROTOTYPES = YES;
				CLANG_WARN_SUSPICIOUS_MOVE = YES;
				CLANG_WARN_UNGUARDED_AVAILABILITY = YES_AGGRESSIVE;
				CLANG_WARN_UNREACHABLE_CODE = YES;
				CLANG_WARN__DUPLICATE_METHOD_MATCH = YES;
				COPY_PHASE_STRIP = NO;
				DEBUG_INFORMATION_FORMAT = "dwarf-with-dsym";
				ENABLE_NS_ASSERTIONS = NO;
				ENABLE_STRICT_OBJC_MSGSEND = YES;
				GCC_C_LANGUAGE_STANDARD = gnu11;
				GCC_NO_COMMON_BLOCKS = YES;
				GCC_WARN_64_TO_32_BIT_CONVERSION = YES;
				GCC_WARN_ABOUT_RETURN_TYPE = YES_ERROR;
				GCC_WARN_UNDECLARED_SELECTOR = YES;
				GCC_WARN_UNINITIALIZED_AUTOS = YES_AGGRESSIVE;
				GCC_WARN_UNUSED_FUNCTION = YES;
				GCC_WARN_UNUSED_VARIABLE = YES;
				IPHONEOS_DEPLOYMENT_TARGET = 13.7;
				MTL_ENABLE_DEBUG_INFO = NO;
				MTL_FAST_MATH = YES;
				SDKROOT = iphoneos;
				SWIFT_COMPILATION_MODE = wholemodule;
				SWIFT_OPTIMIZATION_LEVEL = "-O";
				VALIDATE_PRODUCT = YES;
			};
			name = Release;
		};
		CF742960250BFA0800FC8C75 /* Debug */ = {
			isa = XCBuildConfiguration;
			buildSettings = {
				ASSETCATALOG_COMPILER_APPICON_NAME = AppIcon;
				CODE_SIGN_STYLE = Automatic;
				INFOPLIST_FILE = RecipesCollectionApp/Info.plist;
				LD_RUNPATH_SEARCH_PATHS = (
					"$(inherited)",
					"@executable_path/Frameworks",
				);
				PRODUCT_BUNDLE_IDENTIFIER = lv.katjaapp.RecipesCollectionApp;
				PRODUCT_NAME = "$(TARGET_NAME)";
				SWIFT_VERSION = 5.0;
				TARGETED_DEVICE_FAMILY = "1,2";
			};
			name = Debug;
		};
		CF742961250BFA0800FC8C75 /* Release */ = {
			isa = XCBuildConfiguration;
			buildSettings = {
				ASSETCATALOG_COMPILER_APPICON_NAME = AppIcon;
				CODE_SIGN_STYLE = Automatic;
				INFOPLIST_FILE = RecipesCollectionApp/Info.plist;
				LD_RUNPATH_SEARCH_PATHS = (
					"$(inherited)",
					"@executable_path/Frameworks",
				);
				PRODUCT_BUNDLE_IDENTIFIER = lv.katjaapp.RecipesCollectionApp;
				PRODUCT_NAME = "$(TARGET_NAME)";
				SWIFT_VERSION = 5.0;
				TARGETED_DEVICE_FAMILY = "1,2";
			};
			name = Release;
		};
/* End XCBuildConfiguration section */

/* Begin XCConfigurationList section */
		CF742943250BFA0600FC8C75 /* Build configuration list for PBXProject "RecipesCollectionApp" */ = {
			isa = XCConfigurationList;
			buildConfigurations = (
				CF74295D250BFA0800FC8C75 /* Debug */,
				CF74295E250BFA0800FC8C75 /* Release */,
			);
			defaultConfigurationIsVisible = 0;
			defaultConfigurationName = Release;
		};
		CF74295F250BFA0800FC8C75 /* Build configuration list for PBXNativeTarget "RecipesCollectionApp" */ = {
			isa = XCConfigurationList;
			buildConfigurations = (
				CF742960250BFA0800FC8C75 /* Debug */,
				CF742961250BFA0800FC8C75 /* Release */,
			);
			defaultConfigurationIsVisible = 0;
			defaultConfigurationName = Release;
		};
/* End XCConfigurationList section */

/* Begin XCVersionGroup section */
		CF742954250BFA0600FC8C75 /* RecipesCollectionApp.xcdatamodeld */ = {
			isa = XCVersionGroup;
			children = (
				CF742955250BFA0600FC8C75 /* RecipesCollectionApp.xcdatamodel */,
			);
			currentVersion = CF742955250BFA0600FC8C75 /* RecipesCollectionApp.xcdatamodel */;
			path = RecipesCollectionApp.xcdatamodeld;
			sourceTree = "<group>";
			versionGroupType = wrapper.xcdatamodel;
		};
/* End XCVersionGroup section */
	};
	rootObject = CF742940250BFA0600FC8C75 /* Project object */;
}
